
Microsoft Visual Studio Solution File, Format Version 12.00
# Visual Studio 15
VisualStudioVersion = 15.0.26430.12
MinimumVisualStudioVersion = 10.0.40219.1
Project("{9A19103F-16F7-4668-BE54-9A1E7A4F7556}") = "WebTorrent", "WebTorrent.csproj", "{69758668-0342-4E6A-9803-2BFD1DB0CF09}"
EndProject
Project("{9A19103F-16F7-4668-BE54-9A1E7A4F7556}") = "UTorrentClientApi", "UTorrentClientApi\UTorrentClientApi.csproj", "{024A8517-151D-47FD-A85B-934814F60573}"
EndProject
Project("{2150E333-8FDC-42A3-9474-1A3956D46DE8}") = "Unit Test", "Unit Test", "{A8439B25-18F6-409D-8B30-905EDB57DC0A}"
EndProject
Project("{9A19103F-16F7-4668-BE54-9A1E7A4F7556}") = "UnitTests", "Unit Tests\UnitTests\UnitTests.csproj", "{35BC297B-6C5E-4240-91D9-912B03A6A5CB}"
EndProject
Global
	GlobalSection(SolutionConfigurationPlatforms) = preSolution
		Debug|Any CPU = Debug|Any CPU
		Debug|x64 = Debug|x64
		Debug|x86 = Debug|x86
		Release|Any CPU = Release|Any CPU
		Release|x64 = Release|x64
		Release|x86 = Release|x86
	EndGlobalSection
	GlobalSection(ProjectConfigurationPlatforms) = postSolution
		{69758668-0342-4E6A-9803-2BFD1DB0CF09}.Debug|Any CPU.ActiveCfg = Debug|Any CPU
		{69758668-0342-4E6A-9803-2BFD1DB0CF09}.Debug|Any CPU.Build.0 = Debug|Any CPU
		{69758668-0342-4E6A-9803-2BFD1DB0CF09}.Debug|x64.ActiveCfg = Debug|Any CPU
		{69758668-0342-4E6A-9803-2BFD1DB0CF09}.Debug|x64.Build.0 = Debug|Any CPU
		{69758668-0342-4E6A-9803-2BFD1DB0CF09}.Debug|x86.ActiveCfg = Debug|Any CPU
		{69758668-0342-4E6A-9803-2BFD1DB0CF09}.Debug|x86.Build.0 = Debug|Any CPU
		{69758668-0342-4E6A-9803-2BFD1DB0CF09}.Release|Any CPU.ActiveCfg = Release|Any CPU
		{69758668-0342-4E6A-9803-2BFD1DB0CF09}.Release|Any CPU.Build.0 = Release|Any CPU
		{69758668-0342-4E6A-9803-2BFD1DB0CF09}.Release|x64.ActiveCfg = Release|Any CPU
		{69758668-0342-4E6A-9803-2BFD1DB0CF09}.Release|x64.Build.0 = Release|Any CPU
		{69758668-0342-4E6A-9803-2BFD1DB0CF09}.Release|x86.ActiveCfg = Release|Any CPU
		{69758668-0342-4E6A-9803-2BFD1DB0CF09}.Release|x86.Build.0 = Release|Any CPU
		{024A8517-151D-47FD-A85B-934814F60573}.Debug|Any CPU.ActiveCfg = Debug|Any CPU
		{024A8517-151D-47FD-A85B-934814F60573}.Debug|Any CPU.Build.0 = Debug|Any CPU
		{024A8517-151D-47FD-A85B-934814F60573}.Debug|x64.ActiveCfg = Debug|Any CPU
		{024A8517-151D-47FD-A85B-934814F60573}.Debug|x64.Build.0 = Debug|Any CPU
		{024A8517-151D-47FD-A85B-934814F60573}.Debug|x86.ActiveCfg = Debug|Any CPU
		{024A8517-151D-47FD-A85B-934814F60573}.Debug|x86.Build.0 = Debug|Any CPU
		{024A8517-151D-47FD-A85B-934814F60573}.Release|Any CPU.ActiveCfg = Release|Any CPU
		{024A8517-151D-47FD-A85B-934814F60573}.Release|Any CPU.Build.0 = Release|Any CPU
		{024A8517-151D-47FD-A85B-934814F60573}.Release|x64.ActiveCfg = Release|Any CPU
		{024A8517-151D-47FD-A85B-934814F60573}.Release|x64.Build.0 = Release|Any CPU
		{024A8517-151D-47FD-A85B-934814F60573}.Release|x86.ActiveCfg = Release|Any CPU
		{024A8517-151D-47FD-A85B-934814F60573}.Release|x86.Build.0 = Release|Any CPU
		{35BC297B-6C5E-4240-91D9-912B03A6A5CB}.Debug|Any CPU.ActiveCfg = Debug|Any CPU
		{35BC297B-6C5E-4240-91D9-912B03A6A5CB}.Debug|Any CPU.Build.0 = Debug|Any CPU
		{35BC297B-6C5E-4240-91D9-912B03A6A5CB}.Debug|x64.ActiveCfg = Debug|Any CPU
		{35BC297B-6C5E-4240-91D9-912B03A6A5CB}.Debug|x64.Build.0 = Debug|Any CPU
		{35BC297B-6C5E-4240-91D9-912B03A6A5CB}.Debug|x86.ActiveCfg = Debug|Any CPU
		{35BC297B-6C5E-4240-91D9-912B03A6A5CB}.Debug|x86.Build.0 = Debug|Any CPU
		{35BC297B-6C5E-4240-91D9-912B03A6A5CB}.Release|Any CPU.ActiveCfg = Release|Any CPU
		{35BC297B-6C5E-4240-91D9-912B03A6A5CB}.Release|Any CPU.Build.0 = Release|Any CPU
		{35BC297B-6C5E-4240-91D9-912B03A6A5CB}.Release|x64.ActiveCfg = Release|Any CPU
		{35BC297B-6C5E-4240-91D9-912B03A6A5CB}.Release|x64.Build.0 = Release|Any CPU
		{35BC297B-6C5E-4240-91D9-912B03A6A5CB}.Release|x86.ActiveCfg = Release|Any CPU
		{35BC297B-6C5E-4240-91D9-912B03A6A5CB}.Release|x86.Build.0 = Release|Any CPU
	EndGlobalSection
	GlobalSection(SolutionProperties) = preSolution
		HideSolutionNode = FALSE
	EndGlobalSection
	GlobalSection(NestedProjects) = preSolution
		{35BC297B-6C5E-4240-91D9-912B03A6A5CB} = {A8439B25-18F6-409D-8B30-905EDB57DC0A}
	EndGlobalSection
EndGlobal
